{
  "name": "20260303_agent_skills_registry",
  "lockfileVersion": 3,
  "requires": true,
  "packages": {
    "": {
      "dependencies": {
        "agentskills": "^1.0.0"
      }
    },
    "node_modules/agentskills": {
      "version": "1.0.0",
      "resolved": "http://localhost/npm/agentskills/-/agentskills-1.0.0.tgz",
      "integrity": "sha512-qswd8T3ZBH7OIUD2kpRgFBsvpPEWTrjoVgI+SO2VP0nDGojIpvlN4uJS3BXweUChKpLNwiN0hG624pWAw2ccGg==",
      "hasInstallScript": true,
      "license": "MIT",
      "bin": {
        "agentskills": "bin/agentskills.js"
      }
    }
  }
}
