{
    "name": "agentskills",
    "version": "1.0.1",
    "lockfileVersion": 3,
    "requires": true,
    "packages": {
        "": {
            "name": "agentskills",
            "version": "1.0.1",
            "hasInstallScript": true,
            "license": "MIT",
            "dependencies": {
                "agentskills": "^1.0.1"
            },
            "bin": {
                "agentskills": "bin/agentskills.js"
            }
        },
        "node_modules/agentskills": {
            "version": "1.0.1",
            "resolved": "https://zanehsu.myqnapcloud.com:5008/npm/agentskills/-/agentskills-1.0.1.tgz",
            "integrity": "sha512-KTxdS/EY1qNQo/eEVFd7tGztSb0LhxUinzl/wgauLlgVaTITzj0lF4rNOIhvooMcuZC+B69ayoMNJdig2aoJJg==",
            "hasInstallScript": true,
            "license": "MIT",
            "bin": {
                "agentskills": "bin/agentskills.js"
            }
        }
    }
}
